
Microsoft Visual Studio Solution File, Format Version 12.00
# Visual Studio Version 17
VisualStudioVersion = 17.3.32819.101
MinimumVisualStudioVersion = 10.0.40219.1
Project("{FAE04EC0-301F-11D3-BF4B-00C04F79EFBC}") = "WF_MySql_pizzerria", "WF_MySql_pizzerria\WF_MySql_pizzerria.csproj", "{61C692FE-9BDB-4063-9B62-DE023970E488}"
EndProject
Global
	GlobalSection(SolutionConfigurationPlatforms) = preSolution
		Debug|Any CPU = Debug|Any CPU
		Release|Any CPU = Release|Any CPU
	EndGlobalSection
	GlobalSection(ProjectConfigurationPlatforms) = postSolution
		{61C692FE-9BDB-4063-9B62-DE023970E488}.Debug|Any CPU.ActiveCfg = Debug|Any CPU
		{61C692FE-9BDB-4063-9B62-DE023970E488}.Debug|Any CPU.Build.0 = Debug|Any CPU
		{61C692FE-9BDB-4063-9B62-DE023970E488}.Release|Any CPU.ActiveCfg = Release|Any CPU
		{61C692FE-9BDB-4063-9B62-DE023970E488}.Release|Any CPU.Build.0 = Release|Any CPU
	EndGlobalSection
	GlobalSection(SolutionProperties) = preSolution
		HideSolutionNode = FALSE
	EndGlobalSection
	GlobalSection(ExtensibilityGlobals) = postSolution
		SolutionGuid = {53DC8331-A201-4096-9DB7-0946D5ADA630}
	EndGlobalSection
EndGlobal
